// !$*UTF8*$!
{
	archiveVersion = 1;
	classes = {
	};
	objectVersion = 51;
	objects = {

/* Begin PBXBuildFile section */
		1F420D3D25FE905E0072EC7F /* StuffListVC.swift in Sources */ = {isa = PBXBuildFile; fileRef = 1F420D3C25FE905E0072EC7F /* StuffListVC.swift */; };
		1F420D4025FE90FB0072EC7F /* AllMyStaffVC.swift in Sources */ = {isa = PBXBuildFile; fileRef = 1F420D3F25FE90FB0072EC7F /* AllMyStaffVC.swift */; };
		1F420D4325FE91EB0072EC7F /* SectionMyStaffVC.swift in Sources */ = {isa = PBXBuildFile; fileRef = 1F420D4225FE91EB0072EC7F /* SectionMyStaffVC.swift */; };
		1F420D4F25FF5AD10072EC7F /* NameStaffTableViewCell.swift in Sources */ = {isa = PBXBuildFile; fileRef = 1F420D4E25FF5AD10072EC7F /* NameStaffTableViewCell.swift */; };
		1F93039625FE8CF100428410 /* AppDelegate.swift in Sources */ = {isa = PBXBuildFile; fileRef = 1F93039525FE8CF100428410 /* AppDelegate.swift */; };
		1F93039A25FE8CF100428410 /* AutorizationVC.swift in Sources */ = {isa = PBXBuildFile; fileRef = 1F93039925FE8CF100428410 /* AutorizationVC.swift */; };
		1F93039F25FE8CF400428410 /* Assets.xcassets in Resources */ = {isa = PBXBuildFile; fileRef = 1F93039E25FE8CF400428410 /* Assets.xcassets */; };
		1F9303A225FE8CF400428410 /* LaunchScreen.storyboard in Resources */ = {isa = PBXBuildFile; fileRef = 1F9303A025FE8CF400428410 /* LaunchScreen.storyboard */; };
		1FB6D62925FF6C2200229A42 /* AddNewStaffVC.swift in Sources */ = {isa = PBXBuildFile; fileRef = 1FB6D62825FF6C2200229A42 /* AddNewStaffVC.swift */; };
		1FB6D63125FFA62700229A42 /* ImageCell.swift in Sources */ = {isa = PBXBuildFile; fileRef = 1FB6D63025FFA62700229A42 /* ImageCell.swift */; };
		1FB6D6352600EB4200229A42 /* DetailStuffModel.swift in Sources */ = {isa = PBXBuildFile; fileRef = 1FB6D6342600EB4200229A42 /* DetailStuffModel.swift */; };
		1FB6D66226023BE200229A42 /* StaffTableViewCell.swift in Sources */ = {isa = PBXBuildFile; fileRef = 1FB6D66126023BE200229A42 /* StaffTableViewCell.swift */; };
		F423EB35B5501335F9FB6CD1 /* Pods_MyStaffManagerApp.framework in Frameworks */ = {isa = PBXBuildFile; fileRef = B57F500F69B00EC4532C8A5E /* Pods_MyStaffManagerApp.framework */; };
/* End PBXBuildFile section */

/* Begin PBXFileReference section */
		1F420D3C25FE905E0072EC7F /* StuffListVC.swift */ = {isa = PBXFileReference; lastKnownFileType = sourcecode.swift; path = StuffListVC.swift; sourceTree = "<group>"; };
		1F420D3F25FE90FB0072EC7F /* AllMyStaffVC.swift */ = {isa = PBXFileReference; lastKnownFileType = sourcecode.swift; path = AllMyStaffVC.swift; sourceTree = "<group>"; };
		1F420D4225FE91EB0072EC7F /* SectionMyStaffVC.swift */ = {isa = PBXFileReference; lastKnownFileType = sourcecode.swift; path = SectionMyStaffVC.swift; sourceTree = "<group>"; };
		1F420D4E25FF5AD10072EC7F /* NameStaffTableViewCell.swift */ = {isa = PBXFileReference; lastKnownFileType = sourcecode.swift; path = NameStaffTableViewCell.swift; sourceTree = "<group>"; };
		1F93039225FE8CF100428410 /* MyStaffManagerApp.app */ = {isa = PBXFileReference; explicitFileType = wrapper.application; includeInIndex = 0; path = MyStaffManagerApp.app; sourceTree = BUILT_PRODUCTS_DIR; };
		1F93039525FE8CF100428410 /* AppDelegate.swift */ = {isa = PBXFileReference; lastKnownFileType = sourcecode.swift; path = AppDelegate.swift; sourceTree = "<group>"; };
		1F93039925FE8CF100428410 /* AutorizationVC.swift */ = {isa = PBXFileReference; lastKnownFileType = sourcecode.swift; path = AutorizationVC.swift; sourceTree = "<group>"; };
		1F93039E25FE8CF400428410 /* Assets.xcassets */ = {isa = PBXFileReference; lastKnownFileType = folder.assetcatalog; path = Assets.xcassets; sourceTree = "<group>"; };
		1F9303A125FE8CF400428410 /* Base */ = {isa = PBXFileReference; lastKnownFileType = file.storyboard; name = Base; path = Base.lproj/LaunchScreen.storyboard; sourceTree = "<group>"; };
		1F9303A325FE8CF400428410 /* Info.plist */ = {isa = PBXFileReference; lastKnownFileType = text.plist.xml; path = Info.plist; sourceTree = "<group>"; };
		1FB6D62825FF6C2200229A42 /* AddNewStaffVC.swift */ = {isa = PBXFileReference; lastKnownFileType = sourcecode.swift; path = AddNewStaffVC.swift; sourceTree = "<group>"; };
		1FB6D63025FFA62700229A42 /* ImageCell.swift */ = {isa = PBXFileReference; lastKnownFileType = sourcecode.swift; path = ImageCell.swift; sourceTree = "<group>"; };
		1FB6D6342600EB4200229A42 /* DetailStuffModel.swift */ = {isa = PBXFileReference; lastKnownFileType = sourcecode.swift; path = DetailStuffModel.swift; sourceTree = "<group>"; };
		1FB6D66126023BE200229A42 /* StaffTableViewCell.swift */ = {isa = PBXFileReference; lastKnownFileType = sourcecode.swift; path = StaffTableViewCell.swift; sourceTree = "<group>"; };
		A3928C0BD11056C75686BB88 /* Pods-MyStaffManagerApp.release.xcconfig */ = {isa = PBXFileReference; includeInIndex = 1; lastKnownFileType = text.xcconfig; name = "Pods-MyStaffManagerApp.release.xcconfig"; path = "Target Support Files/Pods-MyStaffManagerApp/Pods-MyStaffManagerApp.release.xcconfig"; sourceTree = "<group>"; };
		B57F500F69B00EC4532C8A5E /* Pods_MyStaffManagerApp.framework */ = {isa = PBXFileReference; explicitFileType = wrapper.framework; includeInIndex = 0; path = Pods_MyStaffManagerApp.framework; sourceTree = BUILT_PRODUCTS_DIR; };
		F671B87B1451EE73D9C658D1 /* Pods-MyStaffManagerApp.debug.xcconfig */ = {isa = PBXFileReference; includeInIndex = 1; lastKnownFileType = text.xcconfig; name = "Pods-MyStaffManagerApp.debug.xcconfig"; path = "Target Support Files/Pods-MyStaffManagerApp/Pods-MyStaffManagerApp.debug.xcconfig"; sourceTree = "<group>"; };
/* End PBXFileReference section */

/* Begin PBXFrameworksBuildPhase section */
		1F93038F25FE8CF100428410 /* Frameworks */ = {
			isa = PBXFrameworksBuildPhase;
			buildActionMask = 2147483647;
			files = (
				F423EB35B5501335F9FB6CD1 /* Pods_MyStaffManagerApp.framework in Frameworks */,
			);
			runOnlyForDeploymentPostprocessing = 0;
		};
/* End PBXFrameworksBuildPhase section */

/* Begin PBXGroup section */
		1F420D4725FE95C30072EC7F /* ViewConrollers */ = {
			isa = PBXGroup;
			children = (
				1F93039925FE8CF100428410 /* AutorizationVC.swift */,
				1F420D3C25FE905E0072EC7F /* StuffListVC.swift */,
				1F420D3F25FE90FB0072EC7F /* AllMyStaffVC.swift */,
				1F420D4225FE91EB0072EC7F /* SectionMyStaffVC.swift */,
				1F420D4E25FF5AD10072EC7F /* NameStaffTableViewCell.swift */,
				1FB6D63025FFA62700229A42 /* ImageCell.swift */,
				1FB6D62825FF6C2200229A42 /* AddNewStaffVC.swift */,
				1FB6D66126023BE200229A42 /* StaffTableViewCell.swift */,
			);
			path = ViewConrollers;
			sourceTree = "<group>";
		};
		1F420D4825FE95DA0072EC7F /* Models */ = {
			isa = PBXGroup;
			children = (
				1FB6D6342600EB4200229A42 /* DetailStuffModel.swift */,
			);
			path = Models;
			sourceTree = "<group>";
		};
		1F420D4925FE960C0072EC7F /* Application */ = {
			isa = PBXGroup;
			children = (
				1F93039525FE8CF100428410 /* AppDelegate.swift */,
			);
			path = Application;
			sourceTree = "<group>";
		};
		1F420D4B25FE96480072EC7F /* Resouses */ = {
			isa = PBXGroup;
			children = (
				1F93039E25FE8CF400428410 /* Assets.xcassets */,
				1F9303A325FE8CF400428410 /* Info.plist */,
			);
			path = Resouses;
			sourceTree = "<group>";
		};
		1F93038925FE8CF100428410 = {
			isa = PBXGroup;
			children = (
				1F93039425FE8CF100428410 /* MyStaffManagerApp */,
				1F93039325FE8CF100428410 /* Products */,
				B20E933AD22625656843FF70 /* Pods */,
				7CF292578307135A9AC89375 /* Frameworks */,
			);
			sourceTree = "<group>";
		};
		1F93039325FE8CF100428410 /* Products */ = {
			isa = PBXGroup;
			children = (
				1F93039225FE8CF100428410 /* MyStaffManagerApp.app */,
			);
			name = Products;
			sourceTree = "<group>";
		};
		1F93039425FE8CF100428410 /* MyStaffManagerApp */ = {
			isa = PBXGroup;
			children = (
				1F420D4925FE960C0072EC7F /* Application */,
				1F420D4725FE95C30072EC7F /* ViewConrollers */,
				1F420D4825FE95DA0072EC7F /* Models */,
				1F420D4B25FE96480072EC7F /* Resouses */,
				1F9303A025FE8CF400428410 /* LaunchScreen.storyboard */,
			);
			path = MyStaffManagerApp;
			sourceTree = "<group>";
		};
		7CF292578307135A9AC89375 /* Frameworks */ = {
			isa = PBXGroup;
			children = (
				B57F500F69B00EC4532C8A5E /* Pods_MyStaffManagerApp.framework */,
			);
			name = Frameworks;
			sourceTree = "<group>";
		};
		B20E933AD22625656843FF70 /* Pods */ = {
			isa = PBXGroup;
			children = (
				F671B87B1451EE73D9C658D1 /* Pods-MyStaffManagerApp.debug.xcconfig */,
				A3928C0BD11056C75686BB88 /* Pods-MyStaffManagerApp.release.xcconfig */,
			);
			path = Pods;
			sourceTree = "<group>";
		};
/* End PBXGroup section */

/* Begin PBXNativeTarget section */
		1F93039125FE8CF100428410 /* MyStaffManagerApp */ = {
			isa = PBXNativeTarget;
			buildConfigurationList = 1F9303A625FE8CF400428410 /* Build configuration list for PBXNativeTarget "MyStaffManagerApp" */;
			buildPhases = (
				AA508112129CFC575C2CA53E /* [CP] Check Pods Manifest.lock */,
				1F93038E25FE8CF100428410 /* Sources */,
				1F93038F25FE8CF100428410 /* Frameworks */,
				1F93039025FE8CF100428410 /* Resources */,
				07807358822C4C247D8EFE38 /* [CP] Embed Pods Frameworks */,
			);
			buildRules = (
			);
			dependencies = (
			);
			name = MyStaffManagerApp;
			productName = MyStaffManagerApp;
			productReference = 1F93039225FE8CF100428410 /* MyStaffManagerApp.app */;
			productType = "com.apple.product-type.application";
		};
/* End PBXNativeTarget section */

/* Begin PBXProject section */
		1F93038A25FE8CF100428410 /* Project object */ = {
			isa = PBXProject;
			attributes = {
				LastSwiftUpdateCheck = 1240;
				LastUpgradeCheck = 1240;
				TargetAttributes = {
					1F93039125FE8CF100428410 = {
						CreatedOnToolsVersion = 12.4;
					};
				};
			};
			buildConfigurationList = 1F93038D25FE8CF100428410 /* Build configuration list for PBXProject "MyStaffManagerApp" */;
			compatibilityVersion = "Xcode 9.3";
			developmentRegion = en;
			hasScannedForEncodings = 0;
			knownRegions = (
				en,
				Base,
			);
			mainGroup = 1F93038925FE8CF100428410;
			productRefGroup = 1F93039325FE8CF100428410 /* Products */;
			projectDirPath = "";
			projectRoot = "";
			targets = (
				1F93039125FE8CF100428410 /* MyStaffManagerApp */,
			);
		};
/* End PBXProject section */

/* Begin PBXResourcesBuildPhase section */
		1F93039025FE8CF100428410 /* Resources */ = {
			isa = PBXResourcesBuildPhase;
			buildActionMask = 2147483647;
			files = (
				1F9303A225FE8CF400428410 /* LaunchScreen.storyboard in Resources */,
				1F93039F25FE8CF400428410 /* Assets.xcassets in Resources */,
			);
			runOnlyForDeploymentPostprocessing = 0;
		};
/* End PBXResourcesBuildPhase section */

/* Begin PBXShellScriptBuildPhase section */
		07807358822C4C247D8EFE38 /* [CP] Embed Pods Frameworks */ = {
			isa = PBXShellScriptBuildPhase;
			buildActionMask = 2147483647;
			files = (
			);
			inputFileListPaths = (
				"${PODS_ROOT}/Target Support Files/Pods-MyStaffManagerApp/Pods-MyStaffManagerApp-frameworks-${CONFIGURATION}-input-files.xcfilelist",
			);
			name = "[CP] Embed Pods Frameworks";
			outputFileListPaths = (
				"${PODS_ROOT}/Target Support Files/Pods-MyStaffManagerApp/Pods-MyStaffManagerApp-frameworks-${CONFIGURATION}-output-files.xcfilelist",
			);
			runOnlyForDeploymentPostprocessing = 0;
			shellPath = /bin/sh;
			shellScript = "\"${PODS_ROOT}/Target Support Files/Pods-MyStaffManagerApp/Pods-MyStaffManagerApp-frameworks.sh\"\n";
			showEnvVarsInLog = 0;
		};
		AA508112129CFC575C2CA53E /* [CP] Check Pods Manifest.lock */ = {
			isa = PBXShellScriptBuildPhase;
			buildActionMask = 2147483647;
			files = (
			);
			inputFileListPaths = (
			);
			inputPaths = (
				"${PODS_PODFILE_DIR_PATH}/Podfile.lock",
				"${PODS_ROOT}/Manifest.lock",
			);
			name = "[CP] Check Pods Manifest.lock";
			outputFileListPaths = (
			);
			outputPaths = (
				"$(DERIVED_FILE_DIR)/Pods-MyStaffManagerApp-checkManifestLockResult.txt",
			);
			runOnlyForDeploymentPostprocessing = 0;
			shellPath = /bin/sh;
			shellScript = "diff \"${PODS_PODFILE_DIR_PATH}/Podfile.lock\" \"${PODS_ROOT}/Manifest.lock\" > /dev/null\nif [ $? != 0 ] ; then\n    # print error to STDERR\n    echo \"error: The sandbox is not in sync with the Podfile.lock. Run 'pod install' or update your CocoaPods installation.\" >&2\n    exit 1\nfi\n# This output is used by Xcode 'outputs' to avoid re-running this script phase.\necho \"SUCCESS\" > \"${SCRIPT_OUTPUT_FILE_0}\"\n";
			showEnvVarsInLog = 0;
		};
/* End PBXShellScriptBuildPhase section */

/* Begin PBXSourcesBuildPhase section */
		1F93038E25FE8CF100428410 /* Sources */ = {
			isa = PBXSourcesBuildPhase;
			buildActionMask = 2147483647;
			files = (
				1F93039A25FE8CF100428410 /* AutorizationVC.swift in Sources */,
				1F420D4025FE90FB0072EC7F /* AllMyStaffVC.swift in Sources */,
				1FB6D66226023BE200229A42 /* StaffTableViewCell.swift in Sources */,
				1FB6D6352600EB4200229A42 /* DetailStuffModel.swift in Sources */,
				1F420D3D25FE905E0072EC7F /* StuffListVC.swift in Sources */,
				1FB6D62925FF6C2200229A42 /* AddNewStaffVC.swift in Sources */,
				1F93039625FE8CF100428410 /* AppDelegate.swift in Sources */,
				1FB6D63125FFA62700229A42 /* ImageCell.swift in Sources */,
				1F420D4325FE91EB0072EC7F /* SectionMyStaffVC.swift in Sources */,
				1F420D4F25FF5AD10072EC7F /* NameStaffTableViewCell.swift in Sources */,
			);
			runOnlyForDeploymentPostprocessing = 0;
		};
/* End PBXSourcesBuildPhase section */

/* Begin PBXVariantGroup section */
		1F9303A025FE8CF400428410 /* LaunchScreen.storyboard */ = {
			isa = PBXVariantGroup;
			children = (
				1F9303A125FE8CF400428410 /* Base */,
			);
			name = LaunchScreen.storyboard;
			sourceTree = "<group>";
		};
/* End PBXVariantGroup section */

/* Begin XCBuildConfiguration section */
		1F9303A425FE8CF400428410 /* Debug */ = {
			isa = XCBuildConfiguration;
			buildSettings = {
				ALWAYS_SEARCH_USER_PATHS = NO;
				CLANG_ANALYZER_NONNULL = YES;
				CLANG_ANALYZER_NUMBER_OBJECT_CONVERSION = YES_AGGRESSIVE;
				CLANG_CXX_LANGUAGE_STANDARD = "gnu++14";
				CLANG_CXX_LIBRARY = "libc++";
				CLANG_ENABLE_MODULES = YES;
				CLANG_ENABLE_OBJC_ARC = YES;
				CLANG_ENABLE_OBJC_WEAK = YES;
				CLANG_WARN_BLOCK_CAPTURE_AUTORELEASING = YES;
				CLANG_WARN_BOOL_CONVERSION = YES;
				CLANG_WARN_COMMA = YES;
				CLANG_WARN_CONSTANT_CONVERSION = YES;
				CLANG_WARN_DEPRECATED_OBJC_IMPLEMENTATIONS = YES;
				CLANG_WARN_DIRECT_OBJC_ISA_USAGE = YES_ERROR;
				CLANG_WARN_DOCUMENTATION_COMMENTS = YES;
				CLANG_WARN_EMPTY_BODY = YES;
				CLANG_WARN_ENUM_CONVERSION = YES;
				CLANG_WARN_INFINITE_RECURSION = YES;
				CLANG_WARN_INT_CONVERSION = YES;
				CLANG_WARN_NON_LITERAL_NULL_CONVERSION = YES;
				CLANG_WARN_OBJC_IMPLICIT_RETAIN_SELF = YES;
				CLANG_WARN_OBJC_LITERAL_CONVERSION = YES;
				CLANG_WARN_OBJC_ROOT_CLASS = YES_ERROR;
				CLANG_WARN_QUOTED_INCLUDE_IN_FRAMEWORK_HEADER = YES;
				CLANG_WARN_RANGE_LOOP_ANALYSIS = YES;
				CLANG_WARN_STRICT_PROTOTYPES = YES;
				CLANG_WARN_SUSPICIOUS_MOVE = YES;
				CLANG_WARN_UNGUARDED_AVAILABILITY = YES_AGGRESSIVE;
				CLANG_WARN_UNREACHABLE_CODE = YES;
				CLANG_WARN__DUPLICATE_METHOD_MATCH = YES;
				COPY_PHASE_STRIP = NO;
				DEBUG_INFORMATION_FORMAT = dwarf;
				ENABLE_STRICT_OBJC_MSGSEND = YES;
				ENABLE_TESTABILITY = YES;
				GCC_C_LANGUAGE_STANDARD = gnu11;
				GCC_DYNAMIC_NO_PIC = NO;
				GCC_NO_COMMON_BLOCKS = YES;
				GCC_OPTIMIZATION_LEVEL = 0;
				GCC_PREPROCESSOR_DEFINITIONS = (
					"DEBUG=1",
					"$(inherited)",
				);
				GCC_WARN_64_TO_32_BIT_CONVERSION = YES;
				GCC_WARN_ABOUT_RETURN_TYPE = YES_ERROR;
				GCC_WARN_UNDECLARED_SELECTOR = YES;
				GCC_WARN_UNINITIALIZED_AUTOS = YES_AGGRESSIVE;
				GCC_WARN_UNUSED_FUNCTION = YES;
				GCC_WARN_UNUSED_VARIABLE = YES;
				IPHONEOS_DEPLOYMENT_TARGET = 14.4;
				MTL_ENABLE_DEBUG_INFO = INCLUDE_SOURCE;
				MTL_FAST_MATH = YES;
				ONLY_ACTIVE_ARCH = YES;
				SDKROOT = iphoneos;
				SWIFT_ACTIVE_COMPILATION_CONDITIONS = DEBUG;
				SWIFT_OPTIMIZATION_LEVEL = "-Onone";
			};
			name = Debug;
		};
		1F9303A525FE8CF400428410 /* Release */ = {
			isa = XCBuildConfiguration;
			buildSettings = {
				ALWAYS_SEARCH_USER_PATHS = NO;
				CLANG_ANALYZER_NONNULL = YES;
				CLANG_ANALYZER_NUMBER_OBJECT_CONVERSION = YES_AGGRESSIVE;
				CLANG_CXX_LANGUAGE_STANDARD = "gnu++14";
				CLANG_CXX_LIBRARY = "libc++";
				CLANG_ENABLE_MODULES = YES;
				CLANG_ENABLE_OBJC_ARC = YES;
				CLANG_ENABLE_OBJC_WEAK = YES;
				CLANG_WARN_BLOCK_CAPTURE_AUTORELEASING = YES;
				CLANG_WARN_BOOL_CONVERSION = YES;
				CLANG_WARN_COMMA = YES;
				CLANG_WARN_CONSTANT_CONVERSION = YES;
				CLANG_WARN_DEPRECATED_OBJC_IMPLEMENTATIONS = YES;
				CLANG_WARN_DIRECT_OBJC_ISA_USAGE = YES_ERROR;
				CLANG_WARN_DOCUMENTATION_COMMENTS = YES;
				CLANG_WARN_EMPTY_BODY = YES;
				CLANG_WARN_ENUM_CONVERSION = YES;
				CLANG_WARN_INFINITE_RECURSION = YES;
				CLANG_WARN_INT_CONVERSION = YES;
				CLANG_WARN_NON_LITERAL_NULL_CONVERSION = YES;
				CLANG_WARN_OBJC_IMPLICIT_RETAIN_SELF = YES;
				CLANG_WARN_OBJC_LITERAL_CONVERSION = YES;
				CLANG_WARN_OBJC_ROOT_CLASS = YES_ERROR;
				CLANG_WARN_QUOTED_INCLUDE_IN_FRAMEWORK_HEADER = YES;
				CLANG_WARN_RANGE_LOOP_ANALYSIS = YES;
				CLANG_WARN_STRICT_PROTOTYPES = YES;
				CLANG_WARN_SUSPICIOUS_MOVE = YES;
				CLANG_WARN_UNGUARDED_AVAILABILITY = YES_AGGRESSIVE;
				CLANG_WARN_UNREACHABLE_CODE = YES;
				CLANG_WARN__DUPLICATE_METHOD_MATCH = YES;
				COPY_PHASE_STRIP = NO;
				DEBUG_INFORMATION_FORMAT = "dwarf-with-dsym";
				ENABLE_NS_ASSERTIONS = NO;
				ENABLE_STRICT_OBJC_MSGSEND = YES;
				GCC_C_LANGUAGE_STANDARD = gnu11;
				GCC_NO_COMMON_BLOCKS = YES;
				GCC_WARN_64_TO_32_BIT_CONVERSION = YES;
				GCC_WARN_ABOUT_RETURN_TYPE = YES_ERROR;
				GCC_WARN_UNDECLARED_SELECTOR = YES;
				GCC_WARN_UNINITIALIZED_AUTOS = YES_AGGRESSIVE;
				GCC_WARN_UNUSED_FUNCTION = YES;
				GCC_WARN_UNUSED_VARIABLE = YES;
				IPHONEOS_DEPLOYMENT_TARGET = 14.4;
				MTL_ENABLE_DEBUG_INFO = NO;
				MTL_FAST_MATH = YES;
				SDKROOT = iphoneos;
				SWIFT_COMPILATION_MODE = wholemodule;
				SWIFT_OPTIMIZATION_LEVEL = "-O";
				VALIDATE_PRODUCT = YES;
			};
			name = Release;
		};
		1F9303A725FE8CF400428410 /* Debug */ = {
			isa = XCBuildConfiguration;
			baseConfigurationReference = F671B87B1451EE73D9C658D1 /* Pods-MyStaffManagerApp.debug.xcconfig */;
			buildSettings = {
				ASSETCATALOG_COMPILER_APPICON_NAME = AppIcon;
				ASSETCATALOG_COMPILER_GLOBAL_ACCENT_COLOR_NAME = AccentColor;
				CODE_SIGN_STYLE = Automatic;
				DEVELOPMENT_TEAM = 4V2Z42C6DZ;
				INFOPLIST_FILE = MyStaffManagerApp/Resouses/Info.plist;
				IPHONEOS_DEPLOYMENT_TARGET = 13.0;
				LD_RUNPATH_SEARCH_PATHS = (
					"$(inherited)",
					"@executable_path/Frameworks",
				);
				PRODUCT_BUNDLE_IDENTIFIER = Diumin.MyStaffManagerApp;
				PRODUCT_NAME = "$(TARGET_NAME)";
				SWIFT_VERSION = 5.0;
				TARGETED_DEVICE_FAMILY = 1;
			};
			name = Debug;
		};
		1F9303A825FE8CF400428410 /* Release */ = {
			isa = XCBuildConfiguration;
			baseConfigurationReference = A3928C0BD11056C75686BB88 /* Pods-MyStaffManagerApp.release.xcconfig */;
			buildSettings = {
				ASSETCATALOG_COMPILER_APPICON_NAME = AppIcon;
				ASSETCATALOG_COMPILER_GLOBAL_ACCENT_COLOR_NAME = AccentColor;
				CODE_SIGN_STYLE = Automatic;
				DEVELOPMENT_TEAM = 4V2Z42C6DZ;
				INFOPLIST_FILE = MyStaffManagerApp/Resouses/Info.plist;
				IPHONEOS_DEPLOYMENT_TARGET = 13.0;
				LD_RUNPATH_SEARCH_PATHS = (
					"$(inherited)",
					"@executable_path/Frameworks",
				);
				PRODUCT_BUNDLE_IDENTIFIER = Diumin.MyStaffManagerApp;
				PRODUCT_NAME = "$(TARGET_NAME)";
				SWIFT_VERSION = 5.0;
				TARGETED_DEVICE_FAMILY = 1;
			};
			name = Release;
		};
/* End XCBuildConfiguration section */

/* Begin XCConfigurationList section */
		1F93038D25FE8CF100428410 /* Build configuration list for PBXProject "MyStaffManagerApp" */ = {
			isa = XCConfigurationList;
			buildConfigurations = (
				1F9303A425FE8CF400428410 /* Debug */,
				1F9303A525FE8CF400428410 /* Release */,
			);
			defaultConfigurationIsVisible = 0;
			defaultConfigurationName = Release;
		};
		1F9303A625FE8CF400428410 /* Build configuration list for PBXNativeTarget "MyStaffManagerApp" */ = {
			isa = XCConfigurationList;
			buildConfigurations = (
				1F9303A725FE8CF400428410 /* Debug */,
				1F9303A825FE8CF400428410 /* Release */,
			);
			defaultConfigurationIsVisible = 0;
			defaultConfigurationName = Release;
		};
/* End XCConfigurationList section */
	};
	rootObject = 1F93038A25FE8CF100428410 /* Project object */;
}
